
Microsoft Visual Studio Solution File, Format Version 12.00
# Visual Studio Version 17
VisualStudioVersion = 17.8.34511.84
MinimumVisualStudioVersion = 10.0.40219.1
Project("{9A19103F-16F7-4668-BE54-9A1E7A4F7556}") = "JobListing", "JobListing\JobListing.csproj", "{87DB704D-7A7A-41E3-9E5D-B2FFC20D9A65}"
EndProject
Project("{FAE04EC0-301F-11D3-BF4B-00C04F79EFBC}") = "JobListing.Infrastructure", "JobListing.Infrastructure\JobListing.Infrastructure.csproj", "{3DC480E8-DC1B-46F7-93ED-D923B4D762C1}"
EndProject
Project("{FAE04EC0-301F-11D3-BF4B-00C04F79EFBC}") = "JobListing.Core", "JobListing.Core\JobListing.Core.csproj", "{E573B1AF-FB97-4B11-A4C2-E79639093C1F}"
EndProject
Global
	GlobalSection(SolutionConfigurationPlatforms) = preSolution
		Debug|Any CPU = Debug|Any CPU
		Release|Any CPU = Release|Any CPU
	EndGlobalSection
	GlobalSection(ProjectConfigurationPlatforms) = postSolution
		{87DB704D-7A7A-41E3-9E5D-B2FFC20D9A65}.Debug|Any CPU.ActiveCfg = Debug|Any CPU
		{87DB704D-7A7A-41E3-9E5D-B2FFC20D9A65}.Debug|Any CPU.Build.0 = Debug|Any CPU
		{87DB704D-7A7A-41E3-9E5D-B2FFC20D9A65}.Release|Any CPU.ActiveCfg = Release|Any CPU
		{87DB704D-7A7A-41E3-9E5D-B2FFC20D9A65}.Release|Any CPU.Build.0 = Release|Any CPU
		{3DC480E8-DC1B-46F7-93ED-D923B4D762C1}.Debug|Any CPU.ActiveCfg = Debug|Any CPU
		{3DC480E8-DC1B-46F7-93ED-D923B4D762C1}.Debug|Any CPU.Build.0 = Debug|Any CPU
		{3DC480E8-DC1B-46F7-93ED-D923B4D762C1}.Release|Any CPU.ActiveCfg = Release|Any CPU
		{3DC480E8-DC1B-46F7-93ED-D923B4D762C1}.Release|Any CPU.Build.0 = Release|Any CPU
		{E573B1AF-FB97-4B11-A4C2-E79639093C1F}.Debug|Any CPU.ActiveCfg = Debug|Any CPU
		{E573B1AF-FB97-4B11-A4C2-E79639093C1F}.Debug|Any CPU.Build.0 = Debug|Any CPU
		{E573B1AF-FB97-4B11-A4C2-E79639093C1F}.Release|Any CPU.ActiveCfg = Release|Any CPU
		{E573B1AF-FB97-4B11-A4C2-E79639093C1F}.Release|Any CPU.Build.0 = Release|Any CPU
	EndGlobalSection
	GlobalSection(SolutionProperties) = preSolution
		HideSolutionNode = FALSE
	EndGlobalSection
	GlobalSection(ExtensibilityGlobals) = postSolution
		SolutionGuid = {CC094F71-4E8C-4E83-8B07-400CB9A59FC7}
	EndGlobalSection
EndGlobal
